Microsoft Visual Studio Solution File, Format Version 11.00
# Visual Studio 2008

Project("{4797D0C4-A786-D721-8C31-95B97FE01250}") = "Project4", "Assembly-CSharp-firstpass.csproj", "{63CF106C-D9E7-2C5A-9841-FE5AF60F25D0}"
EndProject
Project("{4797D0C4-A786-D721-8C31-95B97FE01250}") = "Project4", "Assembly-CSharp.csproj", "{587982FE-DD50-7361-408B-2BFCE197AA8D}"
EndProject
Project("{4797D0C4-A786-D721-8C31-95B97FE01250}") = "Project4", "Assembly-CSharp-Editor.csproj", "{F2327992-251F-6AA2-1527-00C0D682B04D}"
EndProject
Global
	GlobalSection(SolutionConfigurationPlatforms) = preSolution
		Debug|Any CPU = Debug|Any CPU
		Release|Any CPU = Release|Any CPU
	EndGlobalSection
	GlobalSection(ProjectConfigurationPlatforms) = postSolution
		{63CF106C-D9E7-2C5A-9841-FE5AF60F25D0}.Debug|Any CPU.ActiveCfg = Debug|Any CPU
		{63CF106C-D9E7-2C5A-9841-FE5AF60F25D0}.Debug|Any CPU.Build.0 = Debug|Any CPU
		{63CF106C-D9E7-2C5A-9841-FE5AF60F25D0}.Release|Any CPU.ActiveCfg = Release|Any CPU
		{63CF106C-D9E7-2C5A-9841-FE5AF60F25D0}.Release|Any CPU.Build.0 = Release|Any CPU
		{587982FE-DD50-7361-408B-2BFCE197AA8D}.Debug|Any CPU.ActiveCfg = Debug|Any CPU
		{587982FE-DD50-7361-408B-2BFCE197AA8D}.Debug|Any CPU.Build.0 = Debug|Any CPU
		{587982FE-DD50-7361-408B-2BFCE197AA8D}.Release|Any CPU.ActiveCfg = Release|Any CPU
		{587982FE-DD50-7361-408B-2BFCE197AA8D}.Release|Any CPU.Build.0 = Release|Any CPU
		{F2327992-251F-6AA2-1527-00C0D682B04D}.Debug|Any CPU.ActiveCfg = Debug|Any CPU
		{F2327992-251F-6AA2-1527-00C0D682B04D}.Debug|Any CPU.Build.0 = Debug|Any CPU
		{F2327992-251F-6AA2-1527-00C0D682B04D}.Release|Any CPU.ActiveCfg = Release|Any CPU
		{F2327992-251F-6AA2-1527-00C0D682B04D}.Release|Any CPU.Build.0 = Release|Any CPU
	EndGlobalSection
	GlobalSection(SolutionProperties) = preSolution
		HideSolutionNode = FALSE
	EndGlobalSection
	GlobalSection(MonoDevelopProperties) = preSolution
		StartupItem = Assembly-CSharp.csproj
	EndGlobalSection
EndGlobal
